# This file is automatically @generated by Poetry and should not be changed by hand.

[[package]]
name = "send2trash"
version = "1.8.0"
description = "Send file to trash natively under Mac OS X, Windows and Linux."
category = "main"
optional = false
python-versions = "*"
files = [
    {file = "Send2Trash-1.8.0-py3-none-any.whl", hash = "sha256:f20eaadfdb517eaca5ce077640cb261c7d2698385a6a0f072a4a5447fd49fa08"},
    {file = "Send2Trash-1.8.0.tar.gz", hash = "sha256:d2c24762fd3759860a0aff155e45871447ea58d2be6bdd39b5c8f966a0c99c2d"},
]

[package.extras]
nativelib = ["pyobjc-framework-Cocoa", "pywin32"]
objc = ["pyobjc-framework-Cocoa"]
win32 = ["pywin32"]

[[package]]
name = "tinytag"
version = "1.8.1"
description = "Read music meta data and length of MP3, OGG, OPUS, MP4, M4A, FLAC, WMA and Wave files"
category = "main"
optional = false
python-versions = ">=2.7"
files = [
    {file = "tinytag-1.8.1.tar.gz", hash = "sha256:363ab3107831a5598b68aaa061aba915fb1c7b4254d770232e65d5db8487636d"},
]

[package.extras]
tests = ["flake8", "pytest", "pytest-cov"]

[metadata]
lock-version = "2.0"
python-versions = "^3.9"
content-hash = "fe380487d2e8375f92f5374ee0535abdcd7b6d2b57c55e740d1f2205ea81ed1f"
