# This file is automatically @generated by Poetry and should not be changed by hand.

[[package]]
name = "tinytag"
version = "1.8.1"
description = "Read music meta data and length of MP3, OGG, OPUS, MP4, M4A, FLAC, WMA and Wave files"
category = "main"
optional = false
python-versions = ">=2.7"
files = [
    {file = "tinytag-1.8.1.tar.gz", hash = "sha256:363ab3107831a5598b68aaa061aba915fb1c7b4254d770232e65d5db8487636d"},
]

[package.extras]
tests = ["flake8", "pytest", "pytest-cov"]

[metadata]
lock-version = "2.0"
python-versions = "^3.9"
content-hash = "ddc10d4744409a9142ee887d61d4e8ccc9379bfb97472b0879fd004e9adc308b"
